
Microsoft Visual Studio Solution File, Format Version 12.00
# Visual Studio Version 17
VisualStudioVersion = 17.7.34221.43
MinimumVisualStudioVersion = 10.0.40219.1
Project("{FAE04EC0-301F-11D3-BF4B-00C04F79EFBC}") = "Blazor.Issue.CssIsolation", "Blazor.Issue.CssIsolation\Blazor.Issue.CssIsolation.csproj", "{9E9BE015-249D-4FFF-9311-91191DAFAA99}"
EndProject
Global
	GlobalSection(SolutionConfigurationPlatforms) = preSolution
		Debug|Any CPU = Debug|Any CPU
		Release|Any CPU = Release|Any CPU
	EndGlobalSection
	GlobalSection(ProjectConfigurationPlatforms) = postSolution
		{9E9BE015-249D-4FFF-9311-91191DAFAA99}.Debug|Any CPU.ActiveCfg = Debug|Any CPU
		{9E9BE015-249D-4FFF-9311-91191DAFAA99}.Debug|Any CPU.Build.0 = Debug|Any CPU
		{9E9BE015-249D-4FFF-9311-91191DAFAA99}.Release|Any CPU.ActiveCfg = Release|Any CPU
		{9E9BE015-249D-4FFF-9311-91191DAFAA99}.Release|Any CPU.Build.0 = Release|Any CPU
	EndGlobalSection
	GlobalSection(SolutionProperties) = preSolution
		HideSolutionNode = FALSE
	EndGlobalSection
	GlobalSection(ExtensibilityGlobals) = postSolution
		SolutionGuid = {F84BF608-E6FB-4F16-8524-71D2F6FBAE8B}
	EndGlobalSection
EndGlobal
